
Microsoft Visual Studio Solution File, Format Version 12.00
Project("{FAE04EC0-301F-11D3-BF4B-00C04F79EFBC}") = "MvpSpasibki", "MvpSpasibki\MvpSpasibki.csproj", "{86BD1A8E-C0F0-4F22-8B1F-6178611211A2}"
EndProject
Global
	GlobalSection(SolutionConfigurationPlatforms) = preSolution
		Debug|Any CPU = Debug|Any CPU
		Release|Any CPU = Release|Any CPU
	EndGlobalSection
	GlobalSection(ProjectConfigurationPlatforms) = postSolution
		{86BD1A8E-C0F0-4F22-8B1F-6178611211A2}.Debug|Any CPU.ActiveCfg = Debug|Any CPU
		{86BD1A8E-C0F0-4F22-8B1F-6178611211A2}.Debug|Any CPU.Build.0 = Debug|Any CPU
		{86BD1A8E-C0F0-4F22-8B1F-6178611211A2}.Release|Any CPU.ActiveCfg = Release|Any CPU
		{86BD1A8E-C0F0-4F22-8B1F-6178611211A2}.Release|Any CPU.Build.0 = Release|Any CPU
	EndGlobalSection
EndGlobal
